{
  "version": 4,
  "terraform_version": "1.13.1",
  "serial": 73,
  "lineage": "8341695f-ddb1-a8be-1b9f-5b4aeb97c665",
  "outputs": {},
  "resources": [
    {
      "mode": "managed",
      "type": "yandex_compute_instance",
      "name": "bastion",
      "provider": "provider[\"registry.terraform.io/yandex-cloud/yandex\"]",
      "instances": [
        {
          "schema_version": 1,
          "attributes": {
            "allow_recreate": null,
            "allow_stopping_for_update": true,
            "boot_disk": [
              {
                "auto_delete": true,
                "device_name": "fhm8a7v97medvnsrtv6n",
                "disk_id": "fhm8a7v97medvnsrtv6n",
                "initialize_params": [
                  {
                    "block_size": 4096,
                    "description": "",
                    "image_id": "fd80qm01ah03dkqb14lc",
                    "kms_key_id": "",
                    "name": "",
                    "size": 30,
                    "snapshot_id": "",
                    "type": "network-hdd"
                  }
                ],
                "mode": "READ_WRITE"
              }
            ],
            "created_at": "2025-11-13T12:51:27Z",
            "description": "",
            "filesystem": [],
            "folder_id": "b1g5uja0othme813e49q",
            "fqdn": "bastion.ru-central1.internal",
            "gpu_cluster_id": "",
            "hardware_generation": [
              {
                "generation2_features": [],
                "legacy_features": [
                  {
                    "pci_topology": "PCI_TOPOLOGY_V1"
                  }
                ]
              }
            ],
            "hostname": "bastion",
            "id": "fhmrfg5nss76l2o3hnck",
            "labels": {},
            "local_disk": [],
            "maintenance_grace_period": "",
            "maintenance_policy": null,
            "metadata": {
              "ssh-keys": "ubuntu:ssh-rsa AAAAB3NzaC1yc2EAAAADAQABAAACAQDDJ998fyn+//QV2WhCyLxfkRw/WiSmeogCv+bF0ifPHLQTkabHfsPO0tqoDGnw0hoV0uZDo2LRvGAU+qjjOwG7ZIJNPWdg6y0WQPS63xWEk+3ISguy+YFa15MAvjxoG/+9LKKSUJwJ+wysN/z+sLNnHewACF4Qr8quEA9CXYHDV3M+RHegNsYlxetptQ0dUplXw+27p25EgnMWjMkaBDaXEeQn2pNX4rJb+eGReb6jFPxq0cFN69Uf12DeUyOcQ6rx5ZHL9czVegV++ovRI3yypGulgtjbVURM114mG5JCyt1VnHIDYlUXFxlmgfC+CGiprkR9y5rRyxsqfoDbX3Vog1+kK21A5bB2KVhMoyUj15b15fgJFtuxg261wUU6J1kTYTWRgpS97l0MEIcJUuaw7/RdYZt9tYYBlitFWXw+fEfqLtyh3OSZWpNsSlaeHUE2qUOTvcGxq3rRH3i8uzDcVdMdXc8dabt8Tbt0wRPLcyN5JWGc4oWzQrZP2P3t+gboagkQtr90fp7Nv0GP0Y7pRuRUMbsJjEYZRkttT4FbgHE0Z5KQD5y6SrVD8Bd5yBLBlhEfTqP/E4jXEyNITj8N2NeEggF2DLB9ZXTpSNaxW2sZ4KcHaPG82lwlm6G3+D6HTUYPMlLzhyh5Do++WL2j81YaXFJE/CpY9zJgmtVMSw== MacbookAirM3"
            },
            "metadata_options": [
              {
                "aws_v1_http_endpoint": 1,
                "aws_v1_http_token": 2,
                "gce_http_endpoint": 1,
                "gce_http_token": 1
              }
            ],
            "name": "bastion",
            "network_acceleration_type": "standard",
            "network_interface": [
              {
                "dns_record": [],
                "index": 0,
                "ip_address": "10.10.0.29",
                "ipv4": true,
                "ipv6": false,
                "ipv6_address": "",
                "ipv6_dns_record": [],
                "mac_address": "d0:0d:1b:7c:0b:7e",
                "nat": true,
                "nat_dns_record": [],
                "nat_ip_address": "84.201.156.125",
                "nat_ip_version": "IPV4",
                "security_group_ids": [
                  "enpcupakl9fuuq7te8r6"
                ],
                "subnet_id": "e9b79bf34eqgrtalv9uo"
              }
            ],
            "placement_policy": [
              {
                "host_affinity_rules": [],
                "placement_group_id": "",
                "placement_group_partition": 0
              }
            ],
            "platform_id": "standard-v3",
            "resources": [
              {
                "core_fraction": 20,
                "cores": 2,
                "gpus": 0,
                "memory": 2
              }
            ],
            "scheduling_policy": [
              {
                "preemptible": false
              }
            ],
            "secondary_disk": [],
            "service_account_id": "",
            "status": "running",
            "timeouts": null,
            "zone": "ru-central1-a"
          },
          "sensitive_attributes": [],
          "identity_schema_version": 0,
          "private": "eyJlMmJmYjczMC1lY2FhLTExZTYtOGY4OC0zNDM2M2JjN2M0YzAiOnsiY3JlYXRlIjozMDAwMDAwMDAwMDAsImRlbGV0ZSI6MzAwMDAwMDAwMDAwLCJ1cGRhdGUiOjMwMDAwMDAwMDAwMH0sInNjaGVtYV92ZXJzaW9uIjoiMSJ9",
          "dependencies": [
            "yandex_vpc_network.main",
            "yandex_vpc_security_group.sg_bastion",
            "yandex_vpc_subnet.public_a"
          ]
        }
      ]
    },
    {
      "mode": "managed",
      "type": "yandex_compute_instance",
      "name": "web1",
      "provider": "provider[\"registry.terraform.io/yandex-cloud/yandex\"]",
      "instances": [
        {
          "schema_version": 1,
          "attributes": {
            "allow_recreate": null,
            "allow_stopping_for_update": true,
            "boot_disk": [
              {
                "auto_delete": true,
                "device_name": "fhm6e0tosjdmeo557ltp",
                "disk_id": "fhm6e0tosjdmeo557ltp",
                "initialize_params": [
                  {
                    "block_size": 4096,
                    "description": "",
                    "image_id": "fd817i7o8012578061ra",
                    "kms_key_id": "",
                    "name": "",
                    "size": 30,
                    "snapshot_id": "",
                    "type": "network-hdd"
                  }
                ],
                "mode": "READ_WRITE"
              }
            ],
            "created_at": "2025-11-15T17:04:27Z",
            "description": "",
            "filesystem": [],
            "folder_id": "b1g5uja0othme813e49q",
            "fqdn": "web-1.ru-central1.internal",
            "gpu_cluster_id": "",
            "hardware_generation": [
              {
                "generation2_features": [],
                "legacy_features": [
                  {
                    "pci_topology": "PCI_TOPOLOGY_V2"
                  }
                ]
              }
            ],
            "hostname": "web-1",
            "id": "fhmgpa8griqfdekbl4l7",
            "labels": {},
            "local_disk": [],
            "maintenance_grace_period": "",
            "maintenance_policy": null,
            "metadata": {
              "ssh-keys": "ubuntu:ssh-rsa AAAAB3NzaC1yc2EAAAADAQABAAACAQDDJ998fyn+//QV2WhCyLxfkRw/WiSmeogCv+bF0ifPHLQTkabHfsPO0tqoDGnw0hoV0uZDo2LRvGAU+qjjOwG7ZIJNPWdg6y0WQPS63xWEk+3ISguy+YFa15MAvjxoG/+9LKKSUJwJ+wysN/z+sLNnHewACF4Qr8quEA9CXYHDV3M+RHegNsYlxetptQ0dUplXw+27p25EgnMWjMkaBDaXEeQn2pNX4rJb+eGReb6jFPxq0cFN69Uf12DeUyOcQ6rx5ZHL9czVegV++ovRI3yypGulgtjbVURM114mG5JCyt1VnHIDYlUXFxlmgfC+CGiprkR9y5rRyxsqfoDbX3Vog1+kK21A5bB2KVhMoyUj15b15fgJFtuxg261wUU6J1kTYTWRgpS97l0MEIcJUuaw7/RdYZt9tYYBlitFWXw+fEfqLtyh3OSZWpNsSlaeHUE2qUOTvcGxq3rRH3i8uzDcVdMdXc8dabt8Tbt0wRPLcyN5JWGc4oWzQrZP2P3t+gboagkQtr90fp7Nv0GP0Y7pRuRUMbsJjEYZRkttT4FbgHE0Z5KQD5y6SrVD8Bd5yBLBlhEfTqP/E4jXEyNITj8N2NeEggF2DLB9ZXTpSNaxW2sZ4KcHaPG82lwlm6G3+D6HTUYPMlLzhyh5Do++WL2j81YaXFJE/CpY9zJgmtVMSw== MacbookAirM3"
            },
            "metadata_options": [
              {
                "aws_v1_http_endpoint": 1,
                "aws_v1_http_token": 2,
                "gce_http_endpoint": 1,
                "gce_http_token": 1
              }
            ],
            "name": "web-1",
            "network_acceleration_type": "standard",
            "network_interface": [
              {
                "dns_record": [],
                "index": 0,
                "ip_address": "10.10.1.14",
                "ipv4": true,
                "ipv6": false,
                "ipv6_address": "",
                "ipv6_dns_record": [],
                "mac_address": "d0:0d:10:ca:91:0d",
                "nat": false,
                "nat_dns_record": [],
                "nat_ip_address": "",
                "nat_ip_version": "",
                "security_group_ids": [
                  "enpmjl5l57o7trqgqhk6"
                ],
                "subnet_id": "e9bhfa7a48k5m5n1hmf2"
              }
            ],
            "placement_policy": [
              {
                "host_affinity_rules": [],
                "placement_group_id": "",
                "placement_group_partition": 0
              }
            ],
            "platform_id": "standard-v3",
            "resources": [
              {
                "core_fraction": 20,
                "cores": 2,
                "gpus": 0,
                "memory": 2
              }
            ],
            "scheduling_policy": [
              {
                "preemptible": false
              }
            ],
            "secondary_disk": [],
            "service_account_id": "",
            "status": "running",
            "timeouts": null,
            "zone": "ru-central1-a"
          },
          "sensitive_attributes": [],
          "identity_schema_version": 0,
          "private": "eyJlMmJmYjczMC1lY2FhLTExZTYtOGY4OC0zNDM2M2JjN2M0YzAiOnsiY3JlYXRlIjozMDAwMDAwMDAwMDAsImRlbGV0ZSI6MzAwMDAwMDAwMDAwLCJ1cGRhdGUiOjMwMDAwMDAwMDAwMH0sInNjaGVtYV92ZXJzaW9uIjoiMSJ9",
          "dependencies": [
            "yandex_vpc_gateway.nat_gateway",
            "yandex_vpc_network.main",
            "yandex_vpc_route_table.private_rt",
            "yandex_vpc_security_group.sg_bastion",
            "yandex_vpc_security_group.sg_web",
            "yandex_vpc_subnet.private_a"
          ]
        }
      ]
    },
    {
      "mode": "managed",
      "type": "yandex_compute_instance",
      "name": "web2",
      "provider": "provider[\"registry.terraform.io/yandex-cloud/yandex\"]",
      "instances": [
        {
          "schema_version": 1,
          "attributes": {
            "allow_recreate": null,
            "allow_stopping_for_update": true,
            "boot_disk": [
              {
                "auto_delete": true,
                "device_name": "epd25g2bnnkko3j4r7jt",
                "disk_id": "epd25g2bnnkko3j4r7jt",
                "initialize_params": [
                  {
                    "block_size": 4096,
                    "description": "",
                    "image_id": "fd817i7o8012578061ra",
                    "kms_key_id": "",
                    "name": "",
                    "size": 30,
                    "snapshot_id": "",
                    "type": "network-hdd"
                  }
                ],
                "mode": "READ_WRITE"
              }
            ],
            "created_at": "2025-11-15T17:04:27Z",
            "description": "",
            "filesystem": [],
            "folder_id": "b1g5uja0othme813e49q",
            "fqdn": "web-2.ru-central1.internal",
            "gpu_cluster_id": "",
            "hardware_generation": [
              {
                "generation2_features": [],
                "legacy_features": [
                  {
                    "pci_topology": "PCI_TOPOLOGY_V2"
                  }
                ]
              }
            ],
            "hostname": "web-2",
            "id": "epd2bgiqb5n6bd3b2s67",
            "labels": {},
            "local_disk": [],
            "maintenance_grace_period": "",
            "maintenance_policy": null,
            "metadata": {
              "ssh-keys": "ubuntu:ssh-rsa AAAAB3NzaC1yc2EAAAADAQABAAACAQDDJ998fyn+//QV2WhCyLxfkRw/WiSmeogCv+bF0ifPHLQTkabHfsPO0tqoDGnw0hoV0uZDo2LRvGAU+qjjOwG7ZIJNPWdg6y0WQPS63xWEk+3ISguy+YFa15MAvjxoG/+9LKKSUJwJ+wysN/z+sLNnHewACF4Qr8quEA9CXYHDV3M+RHegNsYlxetptQ0dUplXw+27p25EgnMWjMkaBDaXEeQn2pNX4rJb+eGReb6jFPxq0cFN69Uf12DeUyOcQ6rx5ZHL9czVegV++ovRI3yypGulgtjbVURM114mG5JCyt1VnHIDYlUXFxlmgfC+CGiprkR9y5rRyxsqfoDbX3Vog1+kK21A5bB2KVhMoyUj15b15fgJFtuxg261wUU6J1kTYTWRgpS97l0MEIcJUuaw7/RdYZt9tYYBlitFWXw+fEfqLtyh3OSZWpNsSlaeHUE2qUOTvcGxq3rRH3i8uzDcVdMdXc8dabt8Tbt0wRPLcyN5JWGc4oWzQrZP2P3t+gboagkQtr90fp7Nv0GP0Y7pRuRUMbsJjEYZRkttT4FbgHE0Z5KQD5y6SrVD8Bd5yBLBlhEfTqP/E4jXEyNITj8N2NeEggF2DLB9ZXTpSNaxW2sZ4KcHaPG82lwlm6G3+D6HTUYPMlLzhyh5Do++WL2j81YaXFJE/CpY9zJgmtVMSw== MacbookAirM3"
            },
            "metadata_options": [
              {
                "aws_v1_http_endpoint": 1,
                "aws_v1_http_token": 2,
                "gce_http_endpoint": 1,
                "gce_http_token": 1
              }
            ],
            "name": "web-2",
            "network_acceleration_type": "standard",
            "network_interface": [
              {
                "dns_record": [],
                "index": 0,
                "ip_address": "10.10.2.32",
                "ipv4": true,
                "ipv6": false,
                "ipv6_address": "",
                "ipv6_dns_record": [],
                "mac_address": "d0:0d:25:c2:5a:59",
                "nat": false,
                "nat_dns_record": [],
                "nat_ip_address": "",
                "nat_ip_version": "",
                "security_group_ids": [
                  "enpmjl5l57o7trqgqhk6"
                ],
                "subnet_id": "e2lb3k7rq0gbaandqc1m"
              }
            ],
            "placement_policy": [
              {
                "host_affinity_rules": [],
                "placement_group_id": "",
                "placement_group_partition": 0
              }
            ],
            "platform_id": "standard-v3",
            "resources": [
              {
                "core_fraction": 20,
                "cores": 2,
                "gpus": 0,
                "memory": 2
              }
            ],
            "scheduling_policy": [
              {
                "preemptible": false
              }
            ],
            "secondary_disk": [],
            "service_account_id": "",
            "status": "running",
            "timeouts": null,
            "zone": "ru-central1-b"
          },
          "sensitive_attributes": [],
          "identity_schema_version": 0,
          "private": "eyJlMmJmYjczMC1lY2FhLTExZTYtOGY4OC0zNDM2M2JjN2M0YzAiOnsiY3JlYXRlIjozMDAwMDAwMDAwMDAsImRlbGV0ZSI6MzAwMDAwMDAwMDAwLCJ1cGRhdGUiOjMwMDAwMDAwMDAwMH0sInNjaGVtYV92ZXJzaW9uIjoiMSJ9",
          "dependencies": [
            "yandex_vpc_gateway.nat_gateway",
            "yandex_vpc_network.main",
            "yandex_vpc_route_table.private_rt",
            "yandex_vpc_security_group.sg_bastion",
            "yandex_vpc_security_group.sg_web",
            "yandex_vpc_subnet.private_b"
          ]
        }
      ]
    },
    {
      "mode": "managed",
      "type": "yandex_lb_network_load_balancer",
      "name": "nlb",
      "provider": "provider[\"registry.terraform.io/yandex-cloud/yandex\"]",
      "instances": [
        {
          "schema_version": 0,
          "attributes": {
            "allow_zonal_shift": false,
            "attached_target_group": [
              {
                "healthcheck": [
                  {
                    "healthy_threshold": 2,
                    "http_options": [
                      {
                        "path": "/",
                        "port": 80
                      }
                    ],
                    "interval": 2,
                    "name": "http",
                    "tcp_options": [],
                    "timeout": 1,
                    "unhealthy_threshold": 2
                  }
                ],
                "target_group_id": "enp5l3sh0bjs3k2r5po3"
              }
            ],
            "created_at": "2025-11-16T18:13:24Z",
            "deletion_protection": false,
            "description": "",
            "folder_id": "b1g5uja0othme813e49q",
            "id": "enpibsb52ag0kkp1juc9",
            "labels": null,
            "listener": [
              {
                "external_address_spec": [
                  {
                    "address": "158.160.206.94",
                    "ip_version": "ipv4"
                  }
                ],
                "internal_address_spec": [],
                "name": "http",
                "port": 80,
                "protocol": "tcp",
                "target_port": 80
              }
            ],
            "name": "web-nlb",
            "region_id": "ru-central1",
            "timeouts": null,
            "type": "external"
          },
          "sensitive_attributes": [],
          "identity_schema_version": 0,
          "private": "eyJlMmJmYjczMC1lY2FhLTExZTYtOGY4OC0zNDM2M2JjN2M0YzAiOnsiY3JlYXRlIjozMDAwMDAwMDAwMDAsImRlbGV0ZSI6MzAwMDAwMDAwMDAwLCJ1cGRhdGUiOjMwMDAwMDAwMDAwMH19",
          "dependencies": [
            "yandex_compute_instance.web1",
            "yandex_compute_instance.web2",
            "yandex_lb_target_group.tg_web",
            "yandex_vpc_gateway.nat_gateway",
            "yandex_vpc_network.main",
            "yandex_vpc_route_table.private_rt",
            "yandex_vpc_security_group.sg_bastion",
            "yandex_vpc_security_group.sg_web",
            "yandex_vpc_subnet.private_a",
            "yandex_vpc_subnet.private_b"
          ]
        }
      ]
    },
    {
      "mode": "managed",
      "type": "yandex_lb_target_group",
      "name": "tg_web",
      "provider": "provider[\"registry.terraform.io/yandex-cloud/yandex\"]",
      "instances": [
        {
          "schema_version": 1,
          "attributes": {
            "created_at": "2025-11-16T18:13:22Z",
            "description": "",
            "folder_id": "b1g5uja0othme813e49q",
            "id": "enp5l3sh0bjs3k2r5po3",
            "labels": null,
            "name": "tg-web",
            "region_id": "ru-central1",
            "target": [
              {
                "address": "10.10.1.14",
                "subnet_id": "e9bhfa7a48k5m5n1hmf2"
              },
              {
                "address": "10.10.2.32",
                "subnet_id": "e2lb3k7rq0gbaandqc1m"
              }
            ],
            "target_group_id": "enp5l3sh0bjs3k2r5po3",
            "timeouts": null
          },
          "sensitive_attributes": [],
          "identity_schema_version": 0,
          "dependencies": [
            "yandex_compute_instance.web1",
            "yandex_compute_instance.web2",
            "yandex_vpc_gateway.nat_gateway",
            "yandex_vpc_network.main",
            "yandex_vpc_route_table.private_rt",
            "yandex_vpc_security_group.sg_bastion",
            "yandex_vpc_security_group.sg_web",
            "yandex_vpc_subnet.private_a",
            "yandex_vpc_subnet.private_b"
          ]
        }
      ]
    },
    {
      "mode": "managed",
      "type": "yandex_vpc_gateway",
      "name": "nat_gateway",
      "provider": "provider[\"registry.terraform.io/yandex-cloud/yandex\"]",
      "instances": [
        {
          "schema_version": 0,
          "attributes": {
            "created_at": "2025-11-13T11:50:37Z",
            "description": "",
            "folder_id": "b1g5uja0othme813e49q",
            "id": "enpkq1q8h06v66umvj2j",
            "labels": {},
            "name": "nat-gateway",
            "shared_egress_gateway": [
              {}
            ],
            "timeouts": null
          },
          "sensitive_attributes": [],
          "identity_schema_version": 0,
          "private": "eyJlMmJmYjczMC1lY2FhLTExZTYtOGY4OC0zNDM2M2JjN2M0YzAiOnsiY3JlYXRlIjo2MDAwMDAwMDAwMCwiZGVsZXRlIjo2MDAwMDAwMDAwMCwidXBkYXRlIjo2MDAwMDAwMDAwMH19"
        }
      ]
    },
    {
      "mode": "managed",
      "type": "yandex_vpc_network",
      "name": "main",
      "provider": "provider[\"registry.terraform.io/yandex-cloud/yandex\"]",
      "instances": [
        {
          "schema_version": 0,
          "attributes": {
            "created_at": "2025-11-13T11:50:37Z",
            "default_security_group_id": "enp5v5t89bu25950hhut",
            "description": "",
            "folder_id": "b1g5uja0othme813e49q",
            "id": "enppf267e8frflms4t5t",
            "labels": {},
            "name": "diploma-network",
            "subnet_ids": [
              "e2lb3k7rq0gbaandqc1m",
              "e9b79bf34eqgrtalv9uo",
              "e9bhfa7a48k5m5n1hmf2",
              "e9bj5isvln5llo173u8c"
            ],
            "timeouts": null
          },
          "sensitive_attributes": [],
          "identity_schema_version": 0,
          "private": "eyJlMmJmYjczMC1lY2FhLTExZTYtOGY4OC0zNDM2M2JjN2M0YzAiOnsiY3JlYXRlIjo2MDAwMDAwMDAwMCwiZGVsZXRlIjo2MDAwMDAwMDAwMCwidXBkYXRlIjo2MDAwMDAwMDAwMH19"
        }
      ]
    },
    {
      "mode": "managed",
      "type": "yandex_vpc_route_table",
      "name": "private_rt",
      "provider": "provider[\"registry.terraform.io/yandex-cloud/yandex\"]",
      "instances": [
        {
          "schema_version": 0,
          "attributes": {
            "created_at": "2025-11-13T11:50:42Z",
            "description": "",
            "folder_id": "b1g5uja0othme813e49q",
            "id": "enpaji1bjsg3dcgi0akq",
            "labels": {},
            "name": "",
            "network_id": "enppf267e8frflms4t5t",
            "static_route": [
              {
                "destination_prefix": "0.0.0.0/0",
                "gateway_id": "enpkq1q8h06v66umvj2j",
                "next_hop_address": ""
              }
            ],
            "timeouts": null
          },
          "sensitive_attributes": [],
          "identity_schema_version": 0,
          "private": "eyJlMmJmYjczMC1lY2FhLTExZTYtOGY4OC0zNDM2M2JjN2M0YzAiOnsiY3JlYXRlIjoxODAwMDAwMDAwMDAsImRlbGV0ZSI6MTgwMDAwMDAwMDAwLCJ1cGRhdGUiOjE4MDAwMDAwMDAwMH19",
          "dependencies": [
            "yandex_vpc_gateway.nat_gateway",
            "yandex_vpc_network.main"
          ]
        }
      ]
    },
    {
      "mode": "managed",
      "type": "yandex_vpc_security_group",
      "name": "default_sg",
      "provider": "provider[\"registry.terraform.io/yandex-cloud/yandex\"]",
      "instances": [
        {
          "schema_version": 0,
          "attributes": {
            "created_at": "2025-11-13T11:50:40Z",
            "description": "Default security group for network",
            "egress": [
              {
                "description": "",
                "from_port": -1,
                "id": "enpnb99l92ht1eec0g02",
                "labels": {},
                "port": -1,
                "predefined_target": "",
                "protocol": "ANY",
                "security_group_id": "",
                "to_port": -1,
                "v4_cidr_blocks": [
                  "0.0.0.0/0"
                ],
                "v6_cidr_blocks": []
              }
            ],
            "folder_id": "b1g5uja0othme813e49q",
            "id": "enp5v5t89bu25950hhut",
            "ingress": [
              {
                "description": "",
                "from_port": -1,
                "id": "enpp2j1nb833f8g8h0s9",
                "labels": {},
                "port": -1,
                "predefined_target": "",
                "protocol": "ANY",
                "security_group_id": "",
                "to_port": -1,
                "v4_cidr_blocks": [
                  "0.0.0.0/0"
                ],
                "v6_cidr_blocks": []
              }
            ],
            "labels": {},
            "name": "default-sg-enppf267e8frflms4t5t",
            "network_id": "enppf267e8frflms4t5t",
            "status": "ACTIVE",
            "timeouts": null
          },
          "sensitive_attributes": [],
          "identity_schema_version": 0,
          "private": "eyJlMmJmYjczMC1lY2FhLTExZTYtOGY4OC0zNDM2M2JjN2M0YzAiOnsiY3JlYXRlIjoxODAwMDAwMDAwMDAsImRlbGV0ZSI6MTgwMDAwMDAwMDAwLCJ1cGRhdGUiOjE4MDAwMDAwMDAwMH0sInNjaGVtYV92ZXJzaW9uIjoiMCJ9"
        }
      ]
    },
    {
      "mode": "managed",
      "type": "yandex_vpc_security_group",
      "name": "sg_alb",
      "provider": "provider[\"registry.terraform.io/yandex-cloud/yandex\"]",
      "instances": [
        {
          "schema_version": 0,
          "attributes": {
            "created_at": "2025-11-16T15:53:01Z",
            "description": "Security group for ALB",
            "egress": [
              {
                "description": "",
                "from_port": 0,
                "id": "enppmiudom3otf7n3d1p",
                "labels": {},
                "port": -1,
                "predefined_target": "",
                "protocol": "ANY",
                "security_group_id": "",
                "to_port": 65535,
                "v4_cidr_blocks": [
                  "0.0.0.0/0"
                ],
                "v6_cidr_blocks": []
              }
            ],
            "folder_id": "b1g5uja0othme813e49q",
            "id": "enpnrneg71ivjucikoa2",
            "ingress": [
              {
                "description": "",
                "from_port": -1,
                "id": "enp5mgl6pvts8mphueg7",
                "labels": {},
                "port": 80,
                "predefined_target": "",
                "protocol": "TCP",
                "security_group_id": "",
                "to_port": -1,
                "v4_cidr_blocks": [
                  "0.0.0.0/0"
                ],
                "v6_cidr_blocks": []
              },
              {
                "description": "",
                "from_port": -1,
                "id": "enpoqvbfqm2t54vann6a",
                "labels": {},
                "port": 80,
                "predefined_target": "",
                "protocol": "TCP",
                "security_group_id": "",
                "to_port": -1,
                "v4_cidr_blocks": [
                  "198.18.0.0/16"
                ],
                "v6_cidr_blocks": []
              }
            ],
            "labels": {},
            "name": "sg-alb",
            "network_id": "enppf267e8frflms4t5t",
            "status": "ACTIVE",
            "timeouts": null
          },
          "sensitive_attributes": [],
          "identity_schema_version": 0,
          "private": "eyJlMmJmYjczMC1lY2FhLTExZTYtOGY4OC0zNDM2M2JjN2M0YzAiOnsiY3JlYXRlIjoxODAwMDAwMDAwMDAsImRlbGV0ZSI6MTgwMDAwMDAwMDAwLCJ1cGRhdGUiOjE4MDAwMDAwMDAwMH19",
          "dependencies": [
            "yandex_vpc_network.main"
          ]
        }
      ]
    },
    {
      "mode": "managed",
      "type": "yandex_vpc_security_group",
      "name": "sg_bastion",
      "provider": "provider[\"registry.terraform.io/yandex-cloud/yandex\"]",
      "instances": [
        {
          "schema_version": 0,
          "attributes": {
            "created_at": "2025-11-15T19:07:20Z",
            "description": "",
            "egress": [
              {
                "description": "",
                "from_port": -1,
                "id": "enpe3vpo5lhbg62dp6u2",
                "labels": {},
                "port": -1,
                "predefined_target": "",
                "protocol": "ANY",
                "security_group_id": "",
                "to_port": -1,
                "v4_cidr_blocks": [
                  "0.0.0.0/0"
                ],
                "v6_cidr_blocks": []
              }
            ],
            "folder_id": "b1g5uja0othme813e49q",
            "id": "enpcupakl9fuuq7te8r6",
            "ingress": [
              {
                "description": "",
                "from_port": -1,
                "id": "enp0b7ujds4u77f8g030",
                "labels": {},
                "port": 22,
                "predefined_target": "",
                "protocol": "TCP",
                "security_group_id": "",
                "to_port": -1,
                "v4_cidr_blocks": [
                  "16.17.191.16/32"
                ],
                "v6_cidr_blocks": []
              },
              {
                "description": "",
                "from_port": -1,
                "id": "enpkqvltt0p9tmpou091",
                "labels": {},
                "port": 80,
                "predefined_target": "",
                "protocol": "TCP",
                "security_group_id": "",
                "to_port": -1,
                "v4_cidr_blocks": [
                  "198.18.0.0/16"
                ],
                "v6_cidr_blocks": []
              },
              {
                "description": "",
                "from_port": -1,
                "id": "enpn2e3vge5nkm9ujnnm",
                "labels": {},
                "port": -1,
                "predefined_target": "",
                "protocol": "ICMP",
                "security_group_id": "",
                "to_port": -1,
                "v4_cidr_blocks": [
                  "0.0.0.0/0"
                ],
                "v6_cidr_blocks": []
              }
            ],
            "labels": {},
            "name": "sg-bastion",
            "network_id": "enppf267e8frflms4t5t",
            "status": "ACTIVE",
            "timeouts": null
          },
          "sensitive_attributes": [],
          "identity_schema_version": 0,
          "private": "eyJlMmJmYjczMC1lY2FhLTExZTYtOGY4OC0zNDM2M2JjN2M0YzAiOnsiY3JlYXRlIjoxODAwMDAwMDAwMDAsImRlbGV0ZSI6MTgwMDAwMDAwMDAwLCJ1cGRhdGUiOjE4MDAwMDAwMDAwMH19",
          "dependencies": [
            "yandex_vpc_network.main"
          ]
        }
      ]
    },
    {
      "mode": "managed",
      "type": "yandex_vpc_security_group",
      "name": "sg_web",
      "provider": "provider[\"registry.terraform.io/yandex-cloud/yandex\"]",
      "instances": [
        {
          "schema_version": 0,
          "attributes": {
            "created_at": "2025-11-15T19:46:51Z",
            "description": "",
            "egress": [
              {
                "description": "",
                "from_port": -1,
                "id": "enp8vu7bqo67o7p92g38",
                "labels": {},
                "port": -1,
                "predefined_target": "",
                "protocol": "ANY",
                "security_group_id": "",
                "to_port": -1,
                "v4_cidr_blocks": [
                  "0.0.0.0/0"
                ],
                "v6_cidr_blocks": []
              }
            ],
            "folder_id": "b1g5uja0othme813e49q",
            "id": "enpmjl5l57o7trqgqhk6",
            "ingress": [
              {
                "description": "",
                "from_port": -1,
                "id": "enp7ju419d16a1pvham4",
                "labels": {},
                "port": 22,
                "predefined_target": "",
                "protocol": "TCP",
                "security_group_id": "enpcupakl9fuuq7te8r6",
                "to_port": -1,
                "v4_cidr_blocks": [],
                "v6_cidr_blocks": []
              },
              {
                "description": "",
                "from_port": -1,
                "id": "enpo3t6crjd9m0js6n9i",
                "labels": {},
                "port": 80,
                "predefined_target": "",
                "protocol": "TCP",
                "security_group_id": "",
                "to_port": -1,
                "v4_cidr_blocks": [
                  "198.18.0.0/16"
                ],
                "v6_cidr_blocks": []
              },
              {
                "description": "",
                "from_port": -1,
                "id": "enpr26iuol5eb376i8fl",
                "labels": {},
                "port": 80,
                "predefined_target": "",
                "protocol": "TCP",
                "security_group_id": "",
                "to_port": -1,
                "v4_cidr_blocks": [
                  "10.10.0.0/24"
                ],
                "v6_cidr_blocks": []
              }
            ],
            "labels": {},
            "name": "sg-web",
            "network_id": "enppf267e8frflms4t5t",
            "status": "ACTIVE",
            "timeouts": null
          },
          "sensitive_attributes": [],
          "identity_schema_version": 0,
          "private": "eyJlMmJmYjczMC1lY2FhLTExZTYtOGY4OC0zNDM2M2JjN2M0YzAiOnsiY3JlYXRlIjoxODAwMDAwMDAwMDAsImRlbGV0ZSI6MTgwMDAwMDAwMDAwLCJ1cGRhdGUiOjE4MDAwMDAwMDAwMH19",
          "dependencies": [
            "yandex_vpc_network.main",
            "yandex_vpc_security_group.sg_bastion"
          ]
        }
      ]
    },
    {
      "mode": "managed",
      "type": "yandex_vpc_subnet",
      "name": "private_a",
      "provider": "provider[\"registry.terraform.io/yandex-cloud/yandex\"]",
      "instances": [
        {
          "schema_version": 0,
          "attributes": {
            "created_at": "2025-11-13T11:50:48Z",
            "description": "",
            "dhcp_options": [],
            "folder_id": "b1g5uja0othme813e49q",
            "id": "e9bhfa7a48k5m5n1hmf2",
            "labels": {},
            "name": "private-a",
            "network_id": "enppf267e8frflms4t5t",
            "route_table_id": "enpaji1bjsg3dcgi0akq",
            "timeouts": null,
            "v4_cidr_blocks": [
              "10.10.1.0/24"
            ],
            "v6_cidr_blocks": [],
            "zone": "ru-central1-a"
          },
          "sensitive_attributes": [],
          "identity_schema_version": 0,
          "private": "eyJlMmJmYjczMC1lY2FhLTExZTYtOGY4OC0zNDM2M2JjN2M0YzAiOnsiY3JlYXRlIjoxODAwMDAwMDAwMDAsImRlbGV0ZSI6MTgwMDAwMDAwMDAwLCJ1cGRhdGUiOjE4MDAwMDAwMDAwMH19",
          "dependencies": [
            "yandex_vpc_gateway.nat_gateway",
            "yandex_vpc_network.main",
            "yandex_vpc_route_table.private_rt"
          ]
        }
      ]
    },
    {
      "mode": "managed",
      "type": "yandex_vpc_subnet",
      "name": "private_b",
      "provider": "provider[\"registry.terraform.io/yandex-cloud/yandex\"]",
      "instances": [
        {
          "schema_version": 0,
          "attributes": {
            "created_at": "2025-11-13T11:50:47Z",
            "description": "",
            "dhcp_options": [],
            "folder_id": "b1g5uja0othme813e49q",
            "id": "e2lb3k7rq0gbaandqc1m",
            "labels": {},
            "name": "private-b",
            "network_id": "enppf267e8frflms4t5t",
            "route_table_id": "enpaji1bjsg3dcgi0akq",
            "timeouts": null,
            "v4_cidr_blocks": [
              "10.10.2.0/24"
            ],
            "v6_cidr_blocks": [],
            "zone": "ru-central1-b"
          },
          "sensitive_attributes": [],
          "identity_schema_version": 0,
          "private": "eyJlMmJmYjczMC1lY2FhLTExZTYtOGY4OC0zNDM2M2JjN2M0YzAiOnsiY3JlYXRlIjoxODAwMDAwMDAwMDAsImRlbGV0ZSI6MTgwMDAwMDAwMDAwLCJ1cGRhdGUiOjE4MDAwMDAwMDAwMH19",
          "dependencies": [
            "yandex_vpc_gateway.nat_gateway",
            "yandex_vpc_network.main",
            "yandex_vpc_route_table.private_rt"
          ]
        }
      ]
    },
    {
      "mode": "managed",
      "type": "yandex_vpc_subnet",
      "name": "public_a",
      "provider": "provider[\"registry.terraform.io/yandex-cloud/yandex\"]",
      "instances": [
        {
          "schema_version": 0,
          "attributes": {
            "created_at": "2025-11-13T11:50:41Z",
            "description": "",
            "dhcp_options": [],
            "folder_id": "b1g5uja0othme813e49q",
            "id": "e9b79bf34eqgrtalv9uo",
            "labels": {},
            "name": "public-a",
            "network_id": "enppf267e8frflms4t5t",
            "route_table_id": "",
            "timeouts": null,
            "v4_cidr_blocks": [
              "10.10.0.0/24"
            ],
            "v6_cidr_blocks": [],
            "zone": "ru-central1-a"
          },
          "sensitive_attributes": [],
          "identity_schema_version": 0,
          "private": "eyJlMmJmYjczMC1lY2FhLTExZTYtOGY4OC0zNDM2M2JjN2M0YzAiOnsiY3JlYXRlIjoxODAwMDAwMDAwMDAsImRlbGV0ZSI6MTgwMDAwMDAwMDAwLCJ1cGRhdGUiOjE4MDAwMDAwMDAwMH19",
          "dependencies": [
            "yandex_vpc_network.main"
          ]
        }
      ]
    },
    {
      "mode": "managed",
      "type": "yandex_vpc_subnet",
      "name": "public_alb",
      "provider": "provider[\"registry.terraform.io/yandex-cloud/yandex\"]",
      "instances": [
        {
          "schema_version": 0,
          "attributes": {
            "created_at": "2025-11-16T18:05:31Z",
            "description": "",
            "dhcp_options": [],
            "folder_id": "b1g5uja0othme813e49q",
            "id": "e9bj5isvln5llo173u8c",
            "labels": {},
            "name": "public-alb",
            "network_id": "enppf267e8frflms4t5t",
            "route_table_id": "",
            "timeouts": null,
            "v4_cidr_blocks": [
              "10.10.10.0/24"
            ],
            "v6_cidr_blocks": [],
            "zone": "ru-central1-a"
          },
          "sensitive_attributes": [],
          "identity_schema_version": 0,
          "private": "eyJlMmJmYjczMC1lY2FhLTExZTYtOGY4OC0zNDM2M2JjN2M0YzAiOnsiY3JlYXRlIjoxODAwMDAwMDAwMDAsImRlbGV0ZSI6MTgwMDAwMDAwMDAwLCJ1cGRhdGUiOjE4MDAwMDAwMDAwMH19",
          "dependencies": [
            "yandex_vpc_network.main"
          ]
        }
      ]
    }
  ],
  "check_results": null
}
